
Microsoft Visual Studio Solution File, Format Version 12.00
# Visual Studio 14
VisualStudioVersion = 14.0.24720.0
MinimumVisualStudioVersion = 10.0.40219.1
Project("{FAE04EC0-301F-11D3-BF4B-00C04F79EFBC}") = "FantasyRadioWP", "FantasyRadio\FantasyRadioWP.csproj", "{7693C9A3-F87F-405B-87E1-6D960085291C}"
EndProject
Project("{FAE04EC0-301F-11D3-BF4B-00C04F79EFBC}") = "BackgroundPlayer", "BackgroundPlayer\BackgroundPlayer.csproj", "{3A9EE71F-9982-4F7F-89D5-73751C45B5E0}"
EndProject
Project("{FAE04EC0-301F-11D3-BF4B-00C04F79EFBC}") = "FantasyRadioPlaylistManager", "FantasyRadioPlaylistManager\FantasyRadioPlaylistManager.csproj", "{F8100737-C176-408E-B8AF-80AC05E879F1}"
EndProject
Project("{8BC9CEB8-8B4A-11D0-8D11-00A0C91BC942}") = "FFmpegInterop.WindowsPhone", "..\..\Repos\FFmpegInterop\FFmpegInterop\Win8.1\FFmpegInterop.WindowsPhone\FFmpegInterop.WindowsPhone.vcxproj", "{EBC5CA98-87F1-4A01-A48D-69659C103E72}"
EndProject
Global
	GlobalSection(SharedMSBuildProjectFiles) = preSolution
		..\..\Repos\FFmpegInterop\FFmpegInterop\Win8.1\FFmpegInterop.Shared\FFmpegInterop.Shared.vcxitems*{ebc5ca98-87f1-4a01-a48d-69659c103e72}*SharedItemsImports = 4
	EndGlobalSection
	GlobalSection(SolutionConfigurationPlatforms) = preSolution
		Debug|Any CPU = Debug|Any CPU
		Debug|ARM = Debug|ARM
		Debug|x86 = Debug|x86
		Release|Any CPU = Release|Any CPU
		Release|ARM = Release|ARM
		Release|x86 = Release|x86
	EndGlobalSection
	GlobalSection(ProjectConfigurationPlatforms) = postSolution
		{7693C9A3-F87F-405B-87E1-6D960085291C}.Debug|Any CPU.ActiveCfg = Debug|Any CPU
		{7693C9A3-F87F-405B-87E1-6D960085291C}.Debug|Any CPU.Build.0 = Debug|Any CPU
		{7693C9A3-F87F-405B-87E1-6D960085291C}.Debug|Any CPU.Deploy.0 = Debug|Any CPU
		{7693C9A3-F87F-405B-87E1-6D960085291C}.Debug|ARM.ActiveCfg = Debug|ARM
		{7693C9A3-F87F-405B-87E1-6D960085291C}.Debug|ARM.Build.0 = Debug|ARM
		{7693C9A3-F87F-405B-87E1-6D960085291C}.Debug|ARM.Deploy.0 = Debug|ARM
		{7693C9A3-F87F-405B-87E1-6D960085291C}.Debug|x86.ActiveCfg = Debug|x86
		{7693C9A3-F87F-405B-87E1-6D960085291C}.Debug|x86.Build.0 = Debug|x86
		{7693C9A3-F87F-405B-87E1-6D960085291C}.Debug|x86.Deploy.0 = Debug|x86
		{7693C9A3-F87F-405B-87E1-6D960085291C}.Release|Any CPU.ActiveCfg = Release|Any CPU
		{7693C9A3-F87F-405B-87E1-6D960085291C}.Release|Any CPU.Build.0 = Release|Any CPU
		{7693C9A3-F87F-405B-87E1-6D960085291C}.Release|Any CPU.Deploy.0 = Release|Any CPU
		{7693C9A3-F87F-405B-87E1-6D960085291C}.Release|ARM.ActiveCfg = Release|ARM
		{7693C9A3-F87F-405B-87E1-6D960085291C}.Release|ARM.Build.0 = Release|ARM
		{7693C9A3-F87F-405B-87E1-6D960085291C}.Release|ARM.Deploy.0 = Release|ARM
		{7693C9A3-F87F-405B-87E1-6D960085291C}.Release|x86.ActiveCfg = Release|x86
		{7693C9A3-F87F-405B-87E1-6D960085291C}.Release|x86.Build.0 = Release|x86
		{7693C9A3-F87F-405B-87E1-6D960085291C}.Release|x86.Deploy.0 = Release|x86
		{3A9EE71F-9982-4F7F-89D5-73751C45B5E0}.Debug|Any CPU.ActiveCfg = Debug|Any CPU
		{3A9EE71F-9982-4F7F-89D5-73751C45B5E0}.Debug|Any CPU.Build.0 = Debug|Any CPU
		{3A9EE71F-9982-4F7F-89D5-73751C45B5E0}.Debug|ARM.ActiveCfg = Debug|ARM
		{3A9EE71F-9982-4F7F-89D5-73751C45B5E0}.Debug|ARM.Build.0 = Debug|ARM
		{3A9EE71F-9982-4F7F-89D5-73751C45B5E0}.Debug|x86.ActiveCfg = Debug|x86
		{3A9EE71F-9982-4F7F-89D5-73751C45B5E0}.Debug|x86.Build.0 = Debug|x86
		{3A9EE71F-9982-4F7F-89D5-73751C45B5E0}.Release|Any CPU.ActiveCfg = Release|Any CPU
		{3A9EE71F-9982-4F7F-89D5-73751C45B5E0}.Release|Any CPU.Build.0 = Release|Any CPU
		{3A9EE71F-9982-4F7F-89D5-73751C45B5E0}.Release|ARM.ActiveCfg = Release|ARM
		{3A9EE71F-9982-4F7F-89D5-73751C45B5E0}.Release|ARM.Build.0 = Release|ARM
		{3A9EE71F-9982-4F7F-89D5-73751C45B5E0}.Release|x86.ActiveCfg = Release|x86
		{3A9EE71F-9982-4F7F-89D5-73751C45B5E0}.Release|x86.Build.0 = Release|x86
		{F8100737-C176-408E-B8AF-80AC05E879F1}.Debug|Any CPU.ActiveCfg = Debug|Any CPU
		{F8100737-C176-408E-B8AF-80AC05E879F1}.Debug|Any CPU.Build.0 = Debug|Any CPU
		{F8100737-C176-408E-B8AF-80AC05E879F1}.Debug|ARM.ActiveCfg = Debug|ARM
		{F8100737-C176-408E-B8AF-80AC05E879F1}.Debug|ARM.Build.0 = Debug|ARM
		{F8100737-C176-408E-B8AF-80AC05E879F1}.Debug|x86.ActiveCfg = Debug|x86
		{F8100737-C176-408E-B8AF-80AC05E879F1}.Debug|x86.Build.0 = Debug|x86
		{F8100737-C176-408E-B8AF-80AC05E879F1}.Release|Any CPU.ActiveCfg = Release|Any CPU
		{F8100737-C176-408E-B8AF-80AC05E879F1}.Release|Any CPU.Build.0 = Release|Any CPU
		{F8100737-C176-408E-B8AF-80AC05E879F1}.Release|ARM.ActiveCfg = Release|ARM
		{F8100737-C176-408E-B8AF-80AC05E879F1}.Release|ARM.Build.0 = Release|ARM
		{F8100737-C176-408E-B8AF-80AC05E879F1}.Release|x86.ActiveCfg = Release|x86
		{F8100737-C176-408E-B8AF-80AC05E879F1}.Release|x86.Build.0 = Release|x86
		{EBC5CA98-87F1-4A01-A48D-69659C103E72}.Debug|Any CPU.ActiveCfg = Debug|Win32
		{EBC5CA98-87F1-4A01-A48D-69659C103E72}.Debug|ARM.ActiveCfg = Debug|ARM
		{EBC5CA98-87F1-4A01-A48D-69659C103E72}.Debug|ARM.Build.0 = Debug|ARM
		{EBC5CA98-87F1-4A01-A48D-69659C103E72}.Debug|x86.ActiveCfg = Debug|Win32
		{EBC5CA98-87F1-4A01-A48D-69659C103E72}.Debug|x86.Build.0 = Debug|Win32
		{EBC5CA98-87F1-4A01-A48D-69659C103E72}.Release|Any CPU.ActiveCfg = Release|Win32
		{EBC5CA98-87F1-4A01-A48D-69659C103E72}.Release|ARM.ActiveCfg = Release|ARM
		{EBC5CA98-87F1-4A01-A48D-69659C103E72}.Release|ARM.Build.0 = Release|ARM
		{EBC5CA98-87F1-4A01-A48D-69659C103E72}.Release|x86.ActiveCfg = Release|Win32
		{EBC5CA98-87F1-4A01-A48D-69659C103E72}.Release|x86.Build.0 = Release|Win32
	EndGlobalSection
	GlobalSection(SolutionProperties) = preSolution
		HideSolutionNode = FALSE
	EndGlobalSection
EndGlobal
